
Microsoft Visual Studio Solution File, Format Version 12.00
# Visual Studio 14
VisualStudioVersion = 14.0.24720.0
MinimumVisualStudioVersion = 10.0.40219.1
Project("{FAE04EC0-301F-11D3-BF4B-00C04F79EFBC}") = "Welo.Bot", "Welo.Bot\Welo.Bot.csproj", "{A8BA1066-5695-4D71-ABB4-65E5A5E0C3D4}"
EndProject
Project("{FAE04EC0-301F-11D3-BF4B-00C04F79EFBC}") = "Welo.Data", "Welo.Data\Welo.Data.csproj", "{7A0D9611-7517-4D52-9B02-E4F99C99C500}"
EndProject
Project("{FAE04EC0-301F-11D3-BF4B-00C04F79EFBC}") = "Welo.Domain", "Welo.Domain\Welo.Domain.csproj", "{DD232CE3-FCC8-47AD-8EF2-FCEE856CA895}"
EndProject
Project("{FAE04EC0-301F-11D3-BF4B-00C04F79EFBC}") = "Welo.Application", "Welo.Application\Welo.Application.csproj", "{25612D79-1C0C-4E39-8204-CAFC5AC78B53}"
EndProject
Project("{E24C65DC-7377-472B-9ABA-BC803B73C61A}") = "Welo.Web", "Welo.Web\", "{47B1FAB3-70BC-48CE-8F15-A9E577E13CA6}"
	ProjectSection(WebsiteProperties) = preProject
		TargetFrameworkMoniker = ".NETFramework,Version%3Dv4.5.2"
		Debug.AspNetCompiler.VirtualPath = "/localhost_49397"
		Debug.AspNetCompiler.PhysicalPath = "Welo.Web\"
		Debug.AspNetCompiler.TargetPath = "PrecompiledWeb\localhost_49397\"
		Debug.AspNetCompiler.Updateable = "true"
		Debug.AspNetCompiler.ForceOverwrite = "true"
		Debug.AspNetCompiler.FixedNames = "false"
		Debug.AspNetCompiler.Debug = "True"
		Release.AspNetCompiler.VirtualPath = "/localhost_49397"
		Release.AspNetCompiler.PhysicalPath = "Welo.Web\"
		Release.AspNetCompiler.TargetPath = "PrecompiledWeb\localhost_49397\"
		Release.AspNetCompiler.Updateable = "true"
		Release.AspNetCompiler.ForceOverwrite = "true"
		Release.AspNetCompiler.FixedNames = "false"
		Release.AspNetCompiler.Debug = "False"
		VWDPort = "49397"
		SlnRelativePath = "Welo.Web\"
		DefaultWebSiteLanguage = "Visual C#"
	EndProjectSection
EndProject
Project("{FAE04EC0-301F-11D3-BF4B-00C04F79EFBC}") = "Welo.IoC", "Welo.IoC\Welo.IoC.csproj", "{B68CB721-26E4-47F0-A2E2-46D5E4350A1C}"
EndProject
Global
	GlobalSection(SolutionConfigurationPlatforms) = preSolution
		Debug|Any CPU = Debug|Any CPU
		Release|Any CPU = Release|Any CPU
	EndGlobalSection
	GlobalSection(ProjectConfigurationPlatforms) = postSolution
		{A8BA1066-5695-4D71-ABB4-65E5A5E0C3D4}.Debug|Any CPU.ActiveCfg = Debug|Any CPU
		{A8BA1066-5695-4D71-ABB4-65E5A5E0C3D4}.Debug|Any CPU.Build.0 = Debug|Any CPU
		{A8BA1066-5695-4D71-ABB4-65E5A5E0C3D4}.Release|Any CPU.ActiveCfg = Release|Any CPU
		{A8BA1066-5695-4D71-ABB4-65E5A5E0C3D4}.Release|Any CPU.Build.0 = Release|Any CPU
		{7A0D9611-7517-4D52-9B02-E4F99C99C500}.Debug|Any CPU.ActiveCfg = Debug|Any CPU
		{7A0D9611-7517-4D52-9B02-E4F99C99C500}.Debug|Any CPU.Build.0 = Debug|Any CPU
		{7A0D9611-7517-4D52-9B02-E4F99C99C500}.Release|Any CPU.ActiveCfg = Release|Any CPU
		{7A0D9611-7517-4D52-9B02-E4F99C99C500}.Release|Any CPU.Build.0 = Release|Any CPU
		{DD232CE3-FCC8-47AD-8EF2-FCEE856CA895}.Debug|Any CPU.ActiveCfg = Debug|Any CPU
		{DD232CE3-FCC8-47AD-8EF2-FCEE856CA895}.Debug|Any CPU.Build.0 = Debug|Any CPU
		{DD232CE3-FCC8-47AD-8EF2-FCEE856CA895}.Release|Any CPU.ActiveCfg = Release|Any CPU
		{DD232CE3-FCC8-47AD-8EF2-FCEE856CA895}.Release|Any CPU.Build.0 = Release|Any CPU
		{25612D79-1C0C-4E39-8204-CAFC5AC78B53}.Debug|Any CPU.ActiveCfg = Debug|Any CPU
		{25612D79-1C0C-4E39-8204-CAFC5AC78B53}.Debug|Any CPU.Build.0 = Debug|Any CPU
		{25612D79-1C0C-4E39-8204-CAFC5AC78B53}.Release|Any CPU.ActiveCfg = Release|Any CPU
		{25612D79-1C0C-4E39-8204-CAFC5AC78B53}.Release|Any CPU.Build.0 = Release|Any CPU
		{47B1FAB3-70BC-48CE-8F15-A9E577E13CA6}.Debug|Any CPU.ActiveCfg = Debug|Any CPU
		{47B1FAB3-70BC-48CE-8F15-A9E577E13CA6}.Debug|Any CPU.Build.0 = Debug|Any CPU
		{47B1FAB3-70BC-48CE-8F15-A9E577E13CA6}.Release|Any CPU.ActiveCfg = Debug|Any CPU
		{47B1FAB3-70BC-48CE-8F15-A9E577E13CA6}.Release|Any CPU.Build.0 = Debug|Any CPU
		{B68CB721-26E4-47F0-A2E2-46D5E4350A1C}.Debug|Any CPU.ActiveCfg = Debug|Any CPU
		{B68CB721-26E4-47F0-A2E2-46D5E4350A1C}.Debug|Any CPU.Build.0 = Debug|Any CPU
		{B68CB721-26E4-47F0-A2E2-46D5E4350A1C}.Release|Any CPU.ActiveCfg = Release|Any CPU
		{B68CB721-26E4-47F0-A2E2-46D5E4350A1C}.Release|Any CPU.Build.0 = Release|Any CPU
	EndGlobalSection
	GlobalSection(SolutionProperties) = preSolution
		HideSolutionNode = FALSE
	EndGlobalSection
EndGlobal
